
Microsoft Visual Studio Solution File, Format Version 12.00
# Visual Studio 2013
VisualStudioVersion = 12.0.31101.0
MinimumVisualStudioVersion = 10.0.40219.1
Project("{FAE04EC0-301F-11D3-BF4B-00C04F79EFBC}") = "Section2StackOverflowPost", "Section2StackOverflowPost\Section2StackOverflowPost.csproj", "{82B71E7F-51E8-4C7E-A615-4B2DB30D6411}"
EndProject
Global
	GlobalSection(SolutionConfigurationPlatforms) = preSolution
		Debug|Any CPU = Debug|Any CPU
		Release|Any CPU = Release|Any CPU
	EndGlobalSection
	GlobalSection(ProjectConfigurationPlatforms) = postSolution
		{82B71E7F-51E8-4C7E-A615-4B2DB30D6411}.Debug|Any CPU.ActiveCfg = Debug|Any CPU
		{82B71E7F-51E8-4C7E-A615-4B2DB30D6411}.Debug|Any CPU.Build.0 = Debug|Any CPU
		{82B71E7F-51E8-4C7E-A615-4B2DB30D6411}.Release|Any CPU.ActiveCfg = Release|Any CPU
		{82B71E7F-51E8-4C7E-A615-4B2DB30D6411}.Release|Any CPU.Build.0 = Release|Any CPU
	EndGlobalSection
	GlobalSection(SolutionProperties) = preSolution
		HideSolutionNode = FALSE
	EndGlobalSection
EndGlobal
